
Microsoft Visual Studio Solution File, Format Version 12.00
# Visual Studio Version 16
VisualStudioVersion = 16.0.31702.278
MinimumVisualStudioVersion = 10.0.40219.1
Project("{FAE04EC0-301F-11D3-BF4B-00C04F79EFBC}") = "Q.5 Factors", "Q.5 Factors\Q.5 Factors.csproj", "{E3FE3CAF-E313-429A-BB58-F11B9C70986E}"
EndProject
Global
	GlobalSection(SolutionConfigurationPlatforms) = preSolution
		Debug|Any CPU = Debug|Any CPU
		Release|Any CPU = Release|Any CPU
	EndGlobalSection
	GlobalSection(ProjectConfigurationPlatforms) = postSolution
		{E3FE3CAF-E313-429A-BB58-F11B9C70986E}.Debug|Any CPU.ActiveCfg = Debug|Any CPU
		{E3FE3CAF-E313-429A-BB58-F11B9C70986E}.Debug|Any CPU.Build.0 = Debug|Any CPU
		{E3FE3CAF-E313-429A-BB58-F11B9C70986E}.Release|Any CPU.ActiveCfg = Release|Any CPU
		{E3FE3CAF-E313-429A-BB58-F11B9C70986E}.Release|Any CPU.Build.0 = Release|Any CPU
	EndGlobalSection
	GlobalSection(SolutionProperties) = preSolution
		HideSolutionNode = FALSE
	EndGlobalSection
	GlobalSection(ExtensibilityGlobals) = postSolution
		SolutionGuid = {72039354-43F0-4938-ABA7-AA46576586F3}
	EndGlobalSection
EndGlobal
