
Microsoft Visual Studio Solution File, Format Version 12.00
# Visual Studio Version 16
VisualStudioVersion = 16.0.31702.278
MinimumVisualStudioVersion = 10.0.40219.1
Project("{FAE04EC0-301F-11D3-BF4B-00C04F79EFBC}") = "Employee wage uc2", "Employee wage uc2\Employee wage uc2.csproj", "{36EC157D-A9E7-49A3-9C1E-21E43AEFA469}"
EndProject
Global
	GlobalSection(SolutionConfigurationPlatforms) = preSolution
		Debug|Any CPU = Debug|Any CPU
		Release|Any CPU = Release|Any CPU
	EndGlobalSection
	GlobalSection(ProjectConfigurationPlatforms) = postSolution
		{36EC157D-A9E7-49A3-9C1E-21E43AEFA469}.Debug|Any CPU.ActiveCfg = Debug|Any CPU
		{36EC157D-A9E7-49A3-9C1E-21E43AEFA469}.Debug|Any CPU.Build.0 = Debug|Any CPU
		{36EC157D-A9E7-49A3-9C1E-21E43AEFA469}.Release|Any CPU.ActiveCfg = Release|Any CPU
		{36EC157D-A9E7-49A3-9C1E-21E43AEFA469}.Release|Any CPU.Build.0 = Release|Any CPU
	EndGlobalSection
	GlobalSection(SolutionProperties) = preSolution
		HideSolutionNode = FALSE
	EndGlobalSection
	GlobalSection(ExtensibilityGlobals) = postSolution
		SolutionGuid = {BFE03872-3057-4744-A7E6-4E55B5697BEC}
	EndGlobalSection
EndGlobal
