
Microsoft Visual Studio Solution File, Format Version 12.00
# Visual Studio Version 16
VisualStudioVersion = 16.0.31702.278
MinimumVisualStudioVersion = 10.0.40219.1
Project("{FAE04EC0-301F-11D3-BF4B-00C04F79EFBC}") = "Android app", "Android app\Android app.csproj", "{555BEB02-73D8-4593-B67A-69E533F516F0}"
EndProject
Global
	GlobalSection(SolutionConfigurationPlatforms) = preSolution
		Debug|Any CPU = Debug|Any CPU
		Release|Any CPU = Release|Any CPU
	EndGlobalSection
	GlobalSection(ProjectConfigurationPlatforms) = postSolution
		{555BEB02-73D8-4593-B67A-69E533F516F0}.Debug|Any CPU.ActiveCfg = Debug|Any CPU
		{555BEB02-73D8-4593-B67A-69E533F516F0}.Debug|Any CPU.Build.0 = Debug|Any CPU
		{555BEB02-73D8-4593-B67A-69E533F516F0}.Release|Any CPU.ActiveCfg = Release|Any CPU
		{555BEB02-73D8-4593-B67A-69E533F516F0}.Release|Any CPU.Build.0 = Release|Any CPU
	EndGlobalSection
	GlobalSection(SolutionProperties) = preSolution
		HideSolutionNode = FALSE
	EndGlobalSection
	GlobalSection(ExtensibilityGlobals) = postSolution
		SolutionGuid = {34408BBC-4FD3-40B1-96AA-4F326E599208}
	EndGlobalSection
EndGlobal
