
Microsoft Visual Studio Solution File, Format Version 12.00
# Visual Studio Version 16
VisualStudioVersion = 16.0.31702.278
MinimumVisualStudioVersion = 10.0.40219.1
Project("{FAE04EC0-301F-11D3-BF4B-00C04F79EFBC}") = "SnakeAndLadder", "SnakeAndLadder\SnakeAndLadder.csproj", "{524BAE11-8C89-4E54-8DBE-2F4A3BF8BD2A}"
EndProject
Global
	GlobalSection(SolutionConfigurationPlatforms) = preSolution
		Debug|Any CPU = Debug|Any CPU
		Release|Any CPU = Release|Any CPU
	EndGlobalSection
	GlobalSection(ProjectConfigurationPlatforms) = postSolution
		{524BAE11-8C89-4E54-8DBE-2F4A3BF8BD2A}.Debug|Any CPU.ActiveCfg = Debug|Any CPU
		{524BAE11-8C89-4E54-8DBE-2F4A3BF8BD2A}.Debug|Any CPU.Build.0 = Debug|Any CPU
		{524BAE11-8C89-4E54-8DBE-2F4A3BF8BD2A}.Release|Any CPU.ActiveCfg = Release|Any CPU
		{524BAE11-8C89-4E54-8DBE-2F4A3BF8BD2A}.Release|Any CPU.Build.0 = Release|Any CPU
	EndGlobalSection
	GlobalSection(SolutionProperties) = preSolution
		HideSolutionNode = FALSE
	EndGlobalSection
	GlobalSection(ExtensibilityGlobals) = postSolution
		SolutionGuid = {F8FD8728-1848-44BE-A8BB-10E4389349E5}
	EndGlobalSection
EndGlobal
