
Microsoft Visual Studio Solution File, Format Version 12.00
# Visual Studio Version 16
VisualStudioVersion = 16.0.31702.278
MinimumVisualStudioVersion = 10.0.40219.1
Project("{FAE04EC0-301F-11D3-BF4B-00C04F79EFBC}") = "UC 6 numOfWorkingday", "UC 6 numOfWorkingday\UC 6 numOfWorkingday.csproj", "{E3A85237-C958-4ACE-A6B7-4862B8F677C1}"
EndProject
Global
	GlobalSection(SolutionConfigurationPlatforms) = preSolution
		Debug|Any CPU = Debug|Any CPU
		Release|Any CPU = Release|Any CPU
	EndGlobalSection
	GlobalSection(ProjectConfigurationPlatforms) = postSolution
		{E3A85237-C958-4ACE-A6B7-4862B8F677C1}.Debug|Any CPU.ActiveCfg = Debug|Any CPU
		{E3A85237-C958-4ACE-A6B7-4862B8F677C1}.Debug|Any CPU.Build.0 = Debug|Any CPU
		{E3A85237-C958-4ACE-A6B7-4862B8F677C1}.Release|Any CPU.ActiveCfg = Release|Any CPU
		{E3A85237-C958-4ACE-A6B7-4862B8F677C1}.Release|Any CPU.Build.0 = Release|Any CPU
	EndGlobalSection
	GlobalSection(SolutionProperties) = preSolution
		HideSolutionNode = FALSE
	EndGlobalSection
	GlobalSection(ExtensibilityGlobals) = postSolution
		SolutionGuid = {E985E741-46E9-4640-9B74-F922DFE6E9E1}
	EndGlobalSection
EndGlobal
