
Microsoft Visual Studio Solution File, Format Version 12.00
# Visual Studio Version 16
VisualStudioVersion = 16.0.31702.278
MinimumVisualStudioVersion = 10.0.40219.1
Project("{FAE04EC0-301F-11D3-BF4B-00C04F79EFBC}") = "Q.4 Manthly Payment", "Q.4 Manthly Payment\Q.4 Manthly Payment.csproj", "{AC757063-8B8A-4B8E-9497-CC536CEE24C6}"
EndProject
Global
	GlobalSection(SolutionConfigurationPlatforms) = preSolution
		Debug|Any CPU = Debug|Any CPU
		Release|Any CPU = Release|Any CPU
	EndGlobalSection
	GlobalSection(ProjectConfigurationPlatforms) = postSolution
		{AC757063-8B8A-4B8E-9497-CC536CEE24C6}.Debug|Any CPU.ActiveCfg = Debug|Any CPU
		{AC757063-8B8A-4B8E-9497-CC536CEE24C6}.Debug|Any CPU.Build.0 = Debug|Any CPU
		{AC757063-8B8A-4B8E-9497-CC536CEE24C6}.Release|Any CPU.ActiveCfg = Release|Any CPU
		{AC757063-8B8A-4B8E-9497-CC536CEE24C6}.Release|Any CPU.Build.0 = Release|Any CPU
	EndGlobalSection
	GlobalSection(SolutionProperties) = preSolution
		HideSolutionNode = FALSE
	EndGlobalSection
	GlobalSection(ExtensibilityGlobals) = postSolution
		SolutionGuid = {AB567AB7-5887-4CB7-8DAC-E57F92EF55AC}
	EndGlobalSection
EndGlobal
